
Microsoft Visual Studio Solution File, Format Version 12.00
# Visual Studio Version 16
VisualStudioVersion = 16.0.29613.14
MinimumVisualStudioVersion = 10.0.40219.1
Project("{2150E333-8FDC-42A3-9474-1A3956D46DE8}") = "1.code", "1.code", "{27AE1A22-5FC3-4254-B252-12631F087F15}"
EndProject
Project("{2150E333-8FDC-42A3-9474-1A3956D46DE8}") = "2.tests", "2.tests", "{0C0ADE40-0C1E-4B03-A860-038354F01EE0}"
EndProject
Project("{9A19103F-16F7-4668-BE54-9A1E7A4F7556}") = "KYN.SwatchService.API", "1.code\KYN.SwatchService.API\KYN.SwatchService.API.csproj", "{E40823F0-C592-4C6A-A8C2-BD9D99999FE8}"
EndProject
Project("{9A19103F-16F7-4668-BE54-9A1E7A4F7556}") = "KYN.SwatchService.API.Tests", "2.tests\KYN.SwatchService.API.Tests\KYN.SwatchService.API.Tests.csproj", "{2FD9F8AA-033C-4804-A144-E4C8B91AF07D}"
EndProject
Project("{9A19103F-16F7-4668-BE54-9A1E7A4F7556}") = "KYN.SwatchService.Business", "1.code\KYN.SwatchService.Business\KYN.SwatchService.Business.csproj", "{0C0DB63B-E096-4585-8A02-23F905CAA203}"
EndProject
Project("{9A19103F-16F7-4668-BE54-9A1E7A4F7556}") = "KYN.SwatchService.Persistence", "1.code\KYN.SwatchService.Persistence\KYN.SwatchService.Persistence.csproj", "{AC957C36-19DB-431D-86E3-9D027FECE81C}"
EndProject
Project("{9A19103F-16F7-4668-BE54-9A1E7A4F7556}") = "KYN.SwatchService.Business.Tests", "2.tests\KYN.SwatchService.Business.Tests\KYN.SwatchService.Business.Tests.csproj", "{5AB02D6B-FD1F-4230-B0B1-99305E11B661}"
EndProject
Project("{9A19103F-16F7-4668-BE54-9A1E7A4F7556}") = "KYN.SwatchService.Business.Contracts", "1.code\KYN.SwatchService.Business.Contracts\KYN.SwatchService.Business.Contracts.csproj", "{5B47BB70-4CFD-4A72-9AF1-7C63C892AD21}"
EndProject
Project("{FAE04EC0-301F-11D3-BF4B-00C04F79EFBC}") = "KYN.SwatchService.Persistence.Contracts", "1.code\KYN.SwatchService.Persistence.Contracts\KYN.SwatchService.Persistence.Contracts.csproj", "{A44B28CF-C11B-4CAC-BE37-C80B1A922511}"
EndProject
Global
	GlobalSection(SolutionConfigurationPlatforms) = preSolution
		Debug|Any CPU = Debug|Any CPU
		Release|Any CPU = Release|Any CPU
	EndGlobalSection
	GlobalSection(ProjectConfigurationPlatforms) = postSolution
		{E40823F0-C592-4C6A-A8C2-BD9D99999FE8}.Debug|Any CPU.ActiveCfg = Debug|Any CPU
		{E40823F0-C592-4C6A-A8C2-BD9D99999FE8}.Debug|Any CPU.Build.0 = Debug|Any CPU
		{E40823F0-C592-4C6A-A8C2-BD9D99999FE8}.Release|Any CPU.ActiveCfg = Release|Any CPU
		{E40823F0-C592-4C6A-A8C2-BD9D99999FE8}.Release|Any CPU.Build.0 = Release|Any CPU
		{2FD9F8AA-033C-4804-A144-E4C8B91AF07D}.Debug|Any CPU.ActiveCfg = Debug|Any CPU
		{2FD9F8AA-033C-4804-A144-E4C8B91AF07D}.Debug|Any CPU.Build.0 = Debug|Any CPU
		{2FD9F8AA-033C-4804-A144-E4C8B91AF07D}.Release|Any CPU.ActiveCfg = Release|Any CPU
		{2FD9F8AA-033C-4804-A144-E4C8B91AF07D}.Release|Any CPU.Build.0 = Release|Any CPU
		{0C0DB63B-E096-4585-8A02-23F905CAA203}.Debug|Any CPU.ActiveCfg = Debug|Any CPU
		{0C0DB63B-E096-4585-8A02-23F905CAA203}.Debug|Any CPU.Build.0 = Debug|Any CPU
		{0C0DB63B-E096-4585-8A02-23F905CAA203}.Release|Any CPU.ActiveCfg = Release|Any CPU
		{0C0DB63B-E096-4585-8A02-23F905CAA203}.Release|Any CPU.Build.0 = Release|Any CPU
		{AC957C36-19DB-431D-86E3-9D027FECE81C}.Debug|Any CPU.ActiveCfg = Debug|Any CPU
		{AC957C36-19DB-431D-86E3-9D027FECE81C}.Debug|Any CPU.Build.0 = Debug|Any CPU
		{AC957C36-19DB-431D-86E3-9D027FECE81C}.Release|Any CPU.ActiveCfg = Release|Any CPU
		{AC957C36-19DB-431D-86E3-9D027FECE81C}.Release|Any CPU.Build.0 = Release|Any CPU
		{5AB02D6B-FD1F-4230-B0B1-99305E11B661}.Debug|Any CPU.ActiveCfg = Debug|Any CPU
		{5AB02D6B-FD1F-4230-B0B1-99305E11B661}.Debug|Any CPU.Build.0 = Debug|Any CPU
		{5AB02D6B-FD1F-4230-B0B1-99305E11B661}.Release|Any CPU.ActiveCfg = Release|Any CPU
		{5AB02D6B-FD1F-4230-B0B1-99305E11B661}.Release|Any CPU.Build.0 = Release|Any CPU
		{5B47BB70-4CFD-4A72-9AF1-7C63C892AD21}.Debug|Any CPU.ActiveCfg = Debug|Any CPU
		{5B47BB70-4CFD-4A72-9AF1-7C63C892AD21}.Debug|Any CPU.Build.0 = Debug|Any CPU
		{5B47BB70-4CFD-4A72-9AF1-7C63C892AD21}.Release|Any CPU.ActiveCfg = Release|Any CPU
		{5B47BB70-4CFD-4A72-9AF1-7C63C892AD21}.Release|Any CPU.Build.0 = Release|Any CPU
		{A44B28CF-C11B-4CAC-BE37-C80B1A922511}.Debug|Any CPU.ActiveCfg = Debug|Any CPU
		{A44B28CF-C11B-4CAC-BE37-C80B1A922511}.Debug|Any CPU.Build.0 = Debug|Any CPU
		{A44B28CF-C11B-4CAC-BE37-C80B1A922511}.Release|Any CPU.ActiveCfg = Release|Any CPU
		{A44B28CF-C11B-4CAC-BE37-C80B1A922511}.Release|Any CPU.Build.0 = Release|Any CPU
	EndGlobalSection
	GlobalSection(SolutionProperties) = preSolution
		HideSolutionNode = FALSE
	EndGlobalSection
	GlobalSection(NestedProjects) = preSolution
		{E40823F0-C592-4C6A-A8C2-BD9D99999FE8} = {27AE1A22-5FC3-4254-B252-12631F087F15}
		{2FD9F8AA-033C-4804-A144-E4C8B91AF07D} = {0C0ADE40-0C1E-4B03-A860-038354F01EE0}
		{0C0DB63B-E096-4585-8A02-23F905CAA203} = {27AE1A22-5FC3-4254-B252-12631F087F15}
		{AC957C36-19DB-431D-86E3-9D027FECE81C} = {27AE1A22-5FC3-4254-B252-12631F087F15}
		{5AB02D6B-FD1F-4230-B0B1-99305E11B661} = {0C0ADE40-0C1E-4B03-A860-038354F01EE0}
		{5B47BB70-4CFD-4A72-9AF1-7C63C892AD21} = {27AE1A22-5FC3-4254-B252-12631F087F15}
		{A44B28CF-C11B-4CAC-BE37-C80B1A922511} = {27AE1A22-5FC3-4254-B252-12631F087F15}
	EndGlobalSection
	GlobalSection(ExtensibilityGlobals) = postSolution
		SolutionGuid = {1989E710-C929-488C-882E-146D833FCAF0}
	EndGlobalSection
EndGlobal
